
Microsoft Visual Studio Solution File, Format Version 12.00
# Visual Studio Version 17
VisualStudioVersion = 17.8.34316.72
MinimumVisualStudioVersion = 10.0.40219.1
Project("{FAE04EC0-301F-11D3-BF4B-00C04F79EFBC}") = "Lab1", "Lab1\Lab1.csproj", "{1316974B-BB2E-4267-BCDA-AA2C1D2ED289}"
EndProject
Global
	GlobalSection(SolutionConfigurationPlatforms) = preSolution
		Debug|Any CPU = Debug|Any CPU
		Release|Any CPU = Release|Any CPU
	EndGlobalSection
	GlobalSection(ProjectConfigurationPlatforms) = postSolution
		{1316974B-BB2E-4267-BCDA-AA2C1D2ED289}.Debug|Any CPU.ActiveCfg = Debug|Any CPU
		{1316974B-BB2E-4267-BCDA-AA2C1D2ED289}.Debug|Any CPU.Build.0 = Debug|Any CPU
		{1316974B-BB2E-4267-BCDA-AA2C1D2ED289}.Release|Any CPU.ActiveCfg = Release|Any CPU
		{1316974B-BB2E-4267-BCDA-AA2C1D2ED289}.Release|Any CPU.Build.0 = Release|Any CPU
	EndGlobalSection
	GlobalSection(SolutionProperties) = preSolution
		HideSolutionNode = FALSE
	EndGlobalSection
	GlobalSection(ExtensibilityGlobals) = postSolution
		SolutionGuid = {FDA213EC-BB47-4863-85FA-5632D8BDE8F8}
	EndGlobalSection
EndGlobal
